// !$*UTF8*$!
{
	archiveVersion = 1;
	classes = {
	};
	objectVersion = 46;
	objects = {

/* Begin PBXBuildFile section */
		DB5C4CB21B8E18E1005A9E5C /* main.m in Sources */ = {isa = PBXBuildFile; fileRef = DB5C4CB11B8E18E1005A9E5C /* main.m */; };
		DB5C4CB51B8E18E1005A9E5C /* AppDelegate.m in Sources */ = {isa = PBXBuildFile; fileRef = DB5C4CB41B8E18E1005A9E5C /* AppDelegate.m */; };
		DB5C4CB81B8E18E1005A9E5C /* ViewController.m in Sources */ = {isa = PBXBuildFile; fileRef = DB5C4CB71B8E18E1005A9E5C /* ViewController.m */; };
		DB5C4CBB1B8E18E1005A9E5C /* Main.storyboard in Resources */ = {isa = PBXBuildFile; fileRef = DB5C4CB91B8E18E1005A9E5C /* Main.storyboard */; };
		DB5C4CBD1B8E18E1005A9E5C /* Images.xcassets in Resources */ = {isa = PBXBuildFile; fileRef = DB5C4CBC1B8E18E1005A9E5C /* Images.xcassets */; };
		DB5C4CC01B8E18E1005A9E5C /* LaunchScreen.xib in Resources */ = {isa = PBXBuildFile; fileRef = DB5C4CBE1B8E18E1005A9E5C /* LaunchScreen.xib */; };
		DB5C4CCC1B8E18E1005A9E5C /* demo00Tests.m in Sources */ = {isa = PBXBuildFile; fileRef = DB5C4CCB1B8E18E1005A9E5C /* demo00Tests.m */; };
/* End PBXBuildFile section */

/* Begin PBXContainerItemProxy section */
		DB5C4CC61B8E18E1005A9E5C /* PBXContainerItemProxy */ = {
			isa = PBXContainerItemProxy;
			containerPortal = DB5C4CA41B8E18E1005A9E5C /* Project object */;
			proxyType = 1;
			remoteGlobalIDString = DB5C4CAB1B8E18E1005A9E5C;
			remoteInfo = demo00;
		};
/* End PBXContainerItemProxy section */

/* Begin PBXFileReference section */
		DB5C4CAC1B8E18E1005A9E5C /* demo00.app */ = {isa = PBXFileReference; explicitFileType = wrapper.application; includeInIndex = 0; path = demo00.app; sourceTree = BUILT_PRODUCTS_DIR; };
		DB5C4CB01B8E18E1005A9E5C /* Info.plist */ = {isa = PBXFileReference; lastKnownFileType = text.plist.xml; path = Info.plist; sourceTree = "<group>"; };
		DB5C4CB11B8E18E1005A9E5C /* main.m */ = {isa = PBXFileReference; lastKnownFileType = sourcecode.c.objc; path = main.m; sourceTree = "<group>"; };
		DB5C4CB31B8E18E1005A9E5C /* AppDelegate.h */ = {isa = PBXFileReference; lastKnownFileType = sourcecode.c.h; path = AppDelegate.h; sourceTree = "<group>"; };
		DB5C4CB41B8E18E1005A9E5C /* AppDelegate.m */ = {isa = PBXFileReference; lastKnownFileType = sourcecode.c.objc; path = AppDelegate.m; sourceTree = "<group>"; };
		DB5C4CB61B8E18E1005A9E5C /* ViewController.h */ = {isa = PBXFileReference; lastKnownFileType = sourcecode.c.h; path = ViewController.h; sourceTree = "<group>"; };
		DB5C4CB71B8E18E1005A9E5C /* ViewController.m */ = {isa = PBXFileReference; lastKnownFileType = sourcecode.c.objc; path = ViewController.m; sourceTree = "<group>"; };
		DB5C4CBA1B8E18E1005A9E5C /* Base */ = {isa = PBXFileReference; lastKnownFileType = file.storyboard; name = Base; path = Base.lproj/Main.storyboard; sourceTree = "<group>"; };
		DB5C4CBC1B8E18E1005A9E5C /* Images.xcassets */ = {isa = PBXFileReference; lastKnownFileType = folder.assetcatalog; path = Images.xcassets; sourceTree = "<group>"; };
		DB5C4CBF1B8E18E1005A9E5C /* Base */ = {isa = PBXFileReference; lastKnownFileType = file.xib; name = Base; path = Base.lproj/LaunchScreen.xib; sourceTree = "<group>"; };
		DB5C4CC51B8E18E1005A9E5C /* demo00Tests.xctest */ = {isa = PBXFileReference; explicitFileType = wrapper.cfbundle; includeInIndex = 0; path = demo00Tests.xctest; sourceTree = BUILT_PRODUCTS_DIR; };
		DB5C4CCA1B8E18E1005A9E5C /* Info.plist */ = {isa = PBXFileReference; lastKnownFileType = text.plist.xml; path = Info.plist; sourceTree = "<group>"; };
		DB5C4CCB1B8E18E1005A9E5C /* demo00Tests.m */ = {isa = PBXFileReference; lastKnownFileType = sourcecode.c.objc; path = demo00Tests.m; sourceTree = "<group>"; };
/* End PBXFileReference section */

/* Begin PBXFrameworksBuildPhase section */
		DB5C4CA91B8E18E1005A9E5C /* Frameworks */ = {
			isa = PBXFrameworksBuildPhase;
			buildActionMask = 2147483647;
			files = (
			);
			runOnlyForDeploymentPostprocessing = 0;
		};
		DB5C4CC21B8E18E1005A9E5C /* Frameworks */ = {
			isa = PBXFrameworksBuildPhase;
			buildActionMask = 2147483647;
			files = (
			);
			runOnlyForDeploymentPostprocessing = 0;
		};
/* End PBXFrameworksBuildPhase section */

/* Begin PBXGroup section */
		DB5C4CA31B8E18E1005A9E5C = {
			isa = PBXGroup;
			children = (
				DB5C4CAE1B8E18E1005A9E5C /* demo00 */,
				DB5C4CC81B8E18E1005A9E5C /* demo00Tests */,
				DB5C4CAD1B8E18E1005A9E5C /* Products */,
			);
			sourceTree = "<group>";
		};
		DB5C4CAD1B8E18E1005A9E5C /* Products */ = {
			isa = PBXGroup;
			children = (
				DB5C4CAC1B8E18E1005A9E5C /* demo00.app */,
				DB5C4CC51B8E18E1005A9E5C /* demo00Tests.xctest */,
			);
			name = Products;
			sourceTree = "<group>";
		};
		DB5C4CAE1B8E18E1005A9E5C /* demo00 */ = {
			isa = PBXGroup;
			children = (
				DB5C4CB31B8E18E1005A9E5C /* AppDelegate.h */,
				DB5C4CB41B8E18E1005A9E5C /* AppDelegate.m */,
				DB5C4CB61B8E18E1005A9E5C /* ViewController.h */,
				DB5C4CB71B8E18E1005A9E5C /* ViewController.m */,
				DB5C4CB91B8E18E1005A9E5C /* Main.storyboard */,
				DB5C4CBC1B8E18E1005A9E5C /* Images.xcassets */,
				DB5C4CBE1B8E18E1005A9E5C /* LaunchScreen.xib */,
				DB5C4CAF1B8E18E1005A9E5C /* Supporting Files */,
			);
			path = demo00;
			sourceTree = "<group>";
		};
		DB5C4CAF1B8E18E1005A9E5C /* Supporting Files */ = {
			isa = PBXGroup;
			children = (
				DB5C4CB01B8E18E1005A9E5C /* Info.plist */,
				DB5C4CB11B8E18E1005A9E5C /* main.m */,
			);
			name = "Supporting Files";
			sourceTree = "<group>";
		};
		DB5C4CC81B8E18E1005A9E5C /* demo00Tests */ = {
			isa = PBXGroup;
			children = (
				DB5C4CCB1B8E18E1005A9E5C /* demo00Tests.m */,
				DB5C4CC91B8E18E1005A9E5C /* Supporting Files */,
			);
			path = demo00Tests;
			sourceTree = "<group>";
		};
		DB5C4CC91B8E18E1005A9E5C /* Supporting Files */ = {
			isa = PBXGroup;
			children = (
				DB5C4CCA1B8E18E1005A9E5C /* Info.plist */,
			);
			name = "Supporting Files";
			sourceTree = "<group>";
		};
/* End PBXGroup section */

/* Begin PBXNativeTarget section */
		DB5C4CAB1B8E18E1005A9E5C /* demo00 */ = {
			isa = PBXNativeTarget;
			buildConfigurationList = DB5C4CCF1B8E18E2005A9E5C /* Build configuration list for PBXNativeTarget "demo00" */;
			buildPhases = (
				DB5C4CA81B8E18E1005A9E5C /* Sources */,
				DB5C4CA91B8E18E1005A9E5C /* Frameworks */,
				DB5C4CAA1B8E18E1005A9E5C /* Resources */,
			);
			buildRules = (
			);
			dependencies = (
			);
			name = demo00;
			productName = demo00;
			productReference = DB5C4CAC1B8E18E1005A9E5C /* demo00.app */;
			productType = "com.apple.product-type.application";
		};
		DB5C4CC41B8E18E1005A9E5C /* demo00Tests */ = {
			isa = PBXNativeTarget;
			buildConfigurationList = DB5C4CD21B8E18E2005A9E5C /* Build configuration list for PBXNativeTarget "demo00Tests" */;
			buildPhases = (
				DB5C4CC11B8E18E1005A9E5C /* Sources */,
				DB5C4CC21B8E18E1005A9E5C /* Frameworks */,
				DB5C4CC31B8E18E1005A9E5C /* Resources */,
			);
			buildRules = (
			);
			dependencies = (
				DB5C4CC71B8E18E1005A9E5C /* PBXTargetDependency */,
			);
			name = demo00Tests;
			productName = demo00Tests;
			productReference = DB5C4CC51B8E18E1005A9E5C /* demo00Tests.xctest */;
			productType = "com.apple.product-type.bundle.unit-test";
		};
/* End PBXNativeTarget section */

/* Begin PBXProject section */
		DB5C4CA41B8E18E1005A9E5C /* Project object */ = {
			isa = PBXProject;
			attributes = {
				LastUpgradeCheck = 0640;
				ORGANIZATIONNAME = "逗叔";
				TargetAttributes = {
					DB5C4CAB1B8E18E1005A9E5C = {
						CreatedOnToolsVersion = 6.4;
					};
					DB5C4CC41B8E18E1005A9E5C = {
						CreatedOnToolsVersion = 6.4;
						TestTargetID = DB5C4CAB1B8E18E1005A9E5C;
					};
				};
			};
			buildConfigurationList = DB5C4CA71B8E18E1005A9E5C /* Build configuration list for PBXProject "demo00" */;
			compatibilityVersion = "Xcode 3.2";
			developmentRegion = English;
			hasScannedForEncodings = 0;
			knownRegions = (
				en,
				Base,
			);
			mainGroup = DB5C4CA31B8E18E1005A9E5C;
			productRefGroup = DB5C4CAD1B8E18E1005A9E5C /* Products */;
			projectDirPath = "";
			projectRoot = "";
			targets = (
				DB5C4CAB1B8E18E1005A9E5C /* demo00 */,
				DB5C4CC41B8E18E1005A9E5C /* demo00Tests */,
			);
		};
/* End PBXProject section */

/* Begin PBXResourcesBuildPhase section */
		DB5C4CAA1B8E18E1005A9E5C /* Resources */ = {
			isa = PBXResourcesBuildPhase;
			buildActionMask = 2147483647;
			files = (
				DB5C4CBB1B8E18E1005A9E5C /* Main.storyboard in Resources */,
				DB5C4CC01B8E18E1005A9E5C /* LaunchScreen.xib in Resources */,
				DB5C4CBD1B8E18E1005A9E5C /* Images.xcassets in Resources */,
			);
			runOnlyForDeploymentPostprocessing = 0;
		};
		DB5C4CC31B8E18E1005A9E5C /* Resources */ = {
			isa = PBXResourcesBuildPhase;
			buildActionMask = 2147483647;
			files = (
			);
			runOnlyForDeploymentPostprocessing = 0;
		};
/* End PBXResourcesBuildPhase section */

/* Begin PBXSourcesBuildPhase section */
		DB5C4CA81B8E18E1005A9E5C /* Sources */ = {
			isa = PBXSourcesBuildPhase;
			buildActionMask = 2147483647;
			files = (
				DB5C4CB81B8E18E1005A9E5C /* ViewController.m in Sources */,
				DB5C4CB51B8E18E1005A9E5C /* AppDelegate.m in Sources */,
				DB5C4CB21B8E18E1005A9E5C /* main.m in Sources */,
			);
			runOnlyForDeploymentPostprocessing = 0;
		};
		DB5C4CC11B8E18E1005A9E5C /* Sources */ = {
			isa = PBXSourcesBuildPhase;
			buildActionMask = 2147483647;
			files = (
				DB5C4CCC1B8E18E1005A9E5C /* demo00Tests.m in Sources */,
			);
			runOnlyForDeploymentPostprocessing = 0;
		};
/* End PBXSourcesBuildPhase section */

/* Begin PBXTargetDependency section */
		DB5C4CC71B8E18E1005A9E5C /* PBXTargetDependency */ = {
			isa = PBXTargetDependency;
			target = DB5C4CAB1B8E18E1005A9E5C /* demo00 */;
			targetProxy = DB5C4CC61B8E18E1005A9E5C /* PBXContainerItemProxy */;
		};
/* End PBXTargetDependency section */

/* Begin PBXVariantGroup section */
		DB5C4CB91B8E18E1005A9E5C /* Main.storyboard */ = {
			isa = PBXVariantGroup;
			children = (
				DB5C4CBA1B8E18E1005A9E5C /* Base */,
			);
			name = Main.storyboard;
			sourceTree = "<group>";
		};
		DB5C4CBE1B8E18E1005A9E5C /* LaunchScreen.xib */ = {
			isa = PBXVariantGroup;
			children = (
				DB5C4CBF1B8E18E1005A9E5C /* Base */,
			);
			name = LaunchScreen.xib;
			sourceTree = "<group>";
		};
/* End PBXVariantGroup section */

/* Begin XCBuildConfiguration section */
		DB5C4CCD1B8E18E2005A9E5C /* Debug */ = {
			isa = XCBuildConfiguration;
			buildSettings = {
				ALWAYS_SEARCH_USER_PATHS = NO;
				CLANG_CXX_LANGUAGE_STANDARD = "gnu++0x";
				CLANG_CXX_LIBRARY = "libc++";
				CLANG_ENABLE_MODULES = YES;
				CLANG_ENABLE_OBJC_ARC = YES;
				CLANG_WARN_BOOL_CONVERSION = YES;
				CLANG_WARN_CONSTANT_CONVERSION = YES;
				CLANG_WARN_DIRECT_OBJC_ISA_USAGE = YES_ERROR;
				CLANG_WARN_EMPTY_BODY = YES;
				CLANG_WARN_ENUM_CONVERSION = YES;
				CLANG_WARN_INT_CONVERSION = YES;
				CLANG_WARN_OBJC_ROOT_CLASS = YES_ERROR;
				CLANG_WARN_UNREACHABLE_CODE = YES;
				CLANG_WARN__DUPLICATE_METHOD_MATCH = YES;
				"CODE_SIGN_IDENTITY[sdk=iphoneos*]" = "iPhone Developer";
				COPY_PHASE_STRIP = NO;
				DEBUG_INFORMATION_FORMAT = "dwarf-with-dsym";
				ENABLE_STRICT_OBJC_MSGSEND = YES;
				GCC_C_LANGUAGE_STANDARD = gnu99;
				GCC_DYNAMIC_NO_PIC = NO;
				GCC_NO_COMMON_BLOCKS = YES;
				GCC_OPTIMIZATION_LEVEL = 0;
				GCC_PREPROCESSOR_DEFINITIONS = (
					"DEBUG=1",
					"$(inherited)",
				);
				GCC_SYMBOLS_PRIVATE_EXTERN = NO;
				GCC_WARN_64_TO_32_BIT_CONVERSION = YES;
				GCC_WARN_ABOUT_RETURN_TYPE = YES_ERROR;
				GCC_WARN_UNDECLARED_SELECTOR = YES;
				GCC_WARN_UNINITIALIZED_AUTOS = YES_AGGRESSIVE;
				GCC_WARN_UNUSED_FUNCTION = YES;
				GCC_WARN_UNUSED_VARIABLE = YES;
				IPHONEOS_DEPLOYMENT_TARGET = 8.4;
				MTL_ENABLE_DEBUG_INFO = YES;
				ONLY_ACTIVE_ARCH = YES;
				SDKROOT = iphoneos;
			};
			name = Debug;
		};
		DB5C4CCE1B8E18E2005A9E5C /* Release */ = {
			isa = XCBuildConfiguration;
			buildSettings = {
				ALWAYS_SEARCH_USER_PATHS = NO;
				CLANG_CXX_LANGUAGE_STANDARD = "gnu++0x";
				CLANG_CXX_LIBRARY = "libc++";
				CLANG_ENABLE_MODULES = YES;
				CLANG_ENABLE_OBJC_ARC = YES;
				CLANG_WARN_BOOL_CONVERSION = YES;
				CLANG_WARN_CONSTANT_CONVERSION = YES;
				CLANG_WARN_DIRECT_OBJC_ISA_USAGE = YES_ERROR;
				CLANG_WARN_EMPTY_BODY = YES;
				CLANG_WARN_ENUM_CONVERSION = YES;
				CLANG_WARN_INT_CONVERSION = YES;
				CLANG_WARN_OBJC_ROOT_CLASS = YES_ERROR;
				CLANG_WARN_UNREACHABLE_CODE = YES;
				CLANG_WARN__DUPLICATE_METHOD_MATCH = YES;
				"CODE_SIGN_IDENTITY[sdk=iphoneos*]" = "iPhone Developer";
				COPY_PHASE_STRIP = NO;
				DEBUG_INFORMATION_FORMAT = "dwarf-with-dsym";
				ENABLE_NS_ASSERTIONS = NO;
				ENABLE_STRICT_OBJC_MSGSEND = YES;
				GCC_C_LANGUAGE_STANDARD = gnu99;
				GCC_NO_COMMON_BLOCKS = YES;
				GCC_WARN_64_TO_32_BIT_CONVERSION = YES;
				GCC_WARN_ABOUT_RETURN_TYPE = YES_ERROR;
				GCC_WARN_UNDECLARED_SELECTOR = YES;
				GCC_WARN_UNINITIALIZED_AUTOS = YES_AGGRESSIVE;
				GCC_WARN_UNUSED_FUNCTION = YES;
				GCC_WARN_UNUSED_VARIABLE = YES;
				IPHONEOS_DEPLOYMENT_TARGET = 8.4;
				MTL_ENABLE_DEBUG_INFO = NO;
				SDKROOT = iphoneos;
				VALIDATE_PRODUCT = YES;
			};
			name = Release;
		};
		DB5C4CD01B8E18E2005A9E5C /* Debug */ = {
			isa = XCBuildConfiguration;
			buildSettings = {
				ASSETCATALOG_COMPILER_APPICON_NAME = AppIcon;
				INFOPLIST_FILE = demo00/Info.plist;
				LD_RUNPATH_SEARCH_PATHS = "$(inherited) @executable_path/Frameworks";
				PRODUCT_NAME = "$(TARGET_NAME)";
			};
			name = Debug;
		};
		DB5C4CD11B8E18E2005A9E5C /* Release */ = {
			isa = XCBuildConfiguration;
			buildSettings = {
				ASSETCATALOG_COMPILER_APPICON_NAME = AppIcon;
				INFOPLIST_FILE = demo00/Info.plist;
				LD_RUNPATH_SEARCH_PATHS = "$(inherited) @executable_path/Frameworks";
				PRODUCT_NAME = "$(TARGET_NAME)";
			};
			name = Release;
		};
		DB5C4CD31B8E18E2005A9E5C /* Debug */ = {
			isa = XCBuildConfiguration;
			buildSettings = {
				BUNDLE_LOADER = "$(TEST_HOST)";
				FRAMEWORK_SEARCH_PATHS = (
					"$(SDKROOT)/Developer/Library/Frameworks",
					"$(inherited)",
				);
				GCC_PREPROCESSOR_DEFINITIONS = (
					"DEBUG=1",
					"$(inherited)",
				);
				INFOPLIST_FILE = demo00Tests/Info.plist;
				LD_RUNPATH_SEARCH_PATHS = "$(inherited) @executable_path/Frameworks @loader_path/Frameworks";
				PRODUCT_NAME = "$(TARGET_NAME)";
				TEST_HOST = "$(BUILT_PRODUCTS_DIR)/demo00.app/demo00";
			};
			name = Debug;
		};
		DB5C4CD41B8E18E2005A9E5C /* Release */ = {
			isa = XCBuildConfiguration;
			buildSettings = {
				BUNDLE_LOADER = "$(TEST_HOST)";
				FRAMEWORK_SEARCH_PATHS = (
					"$(SDKROOT)/Developer/Library/Frameworks",
					"$(inherited)",
				);
				INFOPLIST_FILE = demo00Tests/Info.plist;
				LD_RUNPATH_SEARCH_PATHS = "$(inherited) @executable_path/Frameworks @loader_path/Frameworks";
				PRODUCT_NAME = "$(TARGET_NAME)";
				TEST_HOST = "$(BUILT_PRODUCTS_DIR)/demo00.app/demo00";
			};
			name = Release;
		};
/* End XCBuildConfiguration section */

/* Begin XCConfigurationList section */
		DB5C4CA71B8E18E1005A9E5C /* Build configuration list for PBXProject "demo00" */ = {
			isa = XCConfigurationList;
			buildConfigurations = (
				DB5C4CCD1B8E18E2005A9E5C /* Debug */,
				DB5C4CCE1B8E18E2005A9E5C /* Release */,
			);
			defaultConfigurationIsVisible = 0;
			defaultConfigurationName = Release;
		};
		DB5C4CCF1B8E18E2005A9E5C /* Build configuration list for PBXNativeTarget "demo00" */ = {
			isa = XCConfigurationList;
			buildConfigurations = (
				DB5C4CD01B8E18E2005A9E5C /* Debug */,
				DB5C4CD11B8E18E2005A9E5C /* Release */,
			);
			defaultConfigurationIsVisible = 0;
		};
		DB5C4CD21B8E18E2005A9E5C /* Build configuration list for PBXNativeTarget "demo00Tests" */ = {
			isa = XCConfigurationList;
			buildConfigurations = (
				DB5C4CD31B8E18E2005A9E5C /* Debug */,
				DB5C4CD41B8E18E2005A9E5C /* Release */,
			);
			defaultConfigurationIsVisible = 0;
		};
/* End XCConfigurationList section */
	};
	rootObject = DB5C4CA41B8E18E1005A9E5C /* Project object */;
}
